// !$*UTF8*$!
{
	archiveVersion = 1;
	classes = {
	};
	objectVersion = 77;
	objects = {

/* Begin PBXContainerItemProxy section */
		1DE5E3AC2CD8724F00F79A95 /* PBXContainerItemProxy */ = {
			isa = PBXContainerItemProxy;
			containerPortal = 1DE5E38F2CD8724C00F79A95 /* Project object */;
			proxyType = 1;
			remoteGlobalIDString = 1DE5E3962CD8724C00F79A95;
			remoteInfo = TetheredSouls;
		};
		1DE5E3B62CD8724F00F79A95 /* PBXContainerItemProxy */ = {
			isa = PBXContainerItemProxy;
			containerPortal = 1DE5E38F2CD8724C00F79A95 /* Project object */;
			proxyType = 1;
			remoteGlobalIDString = 1DE5E3962CD8724C00F79A95;
			remoteInfo = TetheredSouls;
		};
/* End PBXContainerItemProxy section */

/* Begin PBXFileReference section */
		1DE5E3972CD8724C00F79A95 /* TetheredSouls.app */ = {isa = PBXFileReference; explicitFileType = wrapper.application; includeInIndex = 0; path = TetheredSouls.app; sourceTree = BUILT_PRODUCTS_DIR; };
		1DE5E3AB2CD8724F00F79A95 /* TetheredSoulsTests.xctest */ = {isa = PBXFileReference; explicitFileType = wrapper.cfbundle; includeInIndex = 0; path = TetheredSoulsTests.xctest; sourceTree = BUILT_PRODUCTS_DIR; };
		1DE5E3B52CD8724F00F79A95 /* TetheredSoulsUITests.xctest */ = {isa = PBXFileReference; explicitFileType = wrapper.cfbundle; includeInIndex = 0; path = TetheredSoulsUITests.xctest; sourceTree = BUILT_PRODUCTS_DIR; };
/* End PBXFileReference section */

/* Begin PBXFileSystemSynchronizedBuildFileExceptionSet section */
		1DE5E3BD2CD8724F00F79A95 /* Exceptions for "TetheredSouls" folder in "TetheredSouls" target */ = {
			isa = PBXFileSystemSynchronizedBuildFileExceptionSet;
			membershipExceptions = (
				Info.plist,
			);
			target = 1DE5E3962CD8724C00F79A95 /* TetheredSouls */;
		};
/* End PBXFileSystemSynchronizedBuildFileExceptionSet section */

/* Begin PBXFileSystemSynchronizedRootGroup section */
		1DE5E3992CD8724C00F79A95 /* TetheredSouls */ = {
			isa = PBXFileSystemSynchronizedRootGroup;
			exceptions = (
				1DE5E3BD2CD8724F00F79A95 /* Exceptions for "TetheredSouls" folder in "TetheredSouls" target */,
			);
			path = TetheredSouls;
			sourceTree = "<group>";
		};
		1DE5E3AE2CD8724F00F79A95 /* TetheredSoulsTests */ = {
			isa = PBXFileSystemSynchronizedRootGroup;
			path = TetheredSoulsTests;
			sourceTree = "<group>";
		};
		1DE5E3B82CD8724F00F79A95 /* TetheredSoulsUITests */ = {
			isa = PBXFileSystemSynchronizedRootGroup;
			path = TetheredSoulsUITests;
			sourceTree = "<group>";
		};
/* End PBXFileSystemSynchronizedRootGroup section */

/* Begin PBXFrameworksBuildPhase section */
		1DE5E3942CD8724C00F79A95 /* Frameworks */ = {
			isa = PBXFrameworksBuildPhase;
			buildActionMask = 2147483647;
			files = (
			);
			runOnlyForDeploymentPostprocessing = 0;
		};
		1DE5E3A82CD8724F00F79A95 /* Frameworks */ = {
			isa = PBXFrameworksBuildPhase;
			buildActionMask = 2147483647;
			files = (
			);
			runOnlyForDeploymentPostprocessing = 0;
		};
		1DE5E3B22CD8724F00F79A95 /* Frameworks */ = {
			isa = PBXFrameworksBuildPhase;
			buildActionMask = 2147483647;
			files = (
			);
			runOnlyForDeploymentPostprocessing = 0;
		};
/* End PBXFrameworksBuildPhase section */

/* Begin PBXGroup section */
		1DE5E38E2CD8724C00F79A95 = {
			isa = PBXGroup;
			children = (
				1DE5E3992CD8724C00F79A95 /* TetheredSouls */,
				1DE5E3AE2CD8724F00F79A95 /* TetheredSoulsTests */,
				1DE5E3B82CD8724F00F79A95 /* TetheredSoulsUITests */,
				1DE5E3982CD8724C00F79A95 /* Products */,
			);
			sourceTree = "<group>";
		};
		1DE5E3982CD8724C00F79A95 /* Products */ = {
			isa = PBXGroup;
			children = (
				1DE5E3972CD8724C00F79A95 /* TetheredSouls.app */,
				1DE5E3AB2CD8724F00F79A95 /* TetheredSoulsTests.xctest */,
				1DE5E3B52CD8724F00F79A95 /* TetheredSoulsUITests.xctest */,
			);
			name = Products;
			sourceTree = "<group>";
		};
/* End PBXGroup section */

/* Begin PBXNativeTarget section */
		1DE5E3962CD8724C00F79A95 /* TetheredSouls */ = {
			isa = PBXNativeTarget;
			buildConfigurationList = 1DE5E3BE2CD8724F00F79A95 /* Build configuration list for PBXNativeTarget "TetheredSouls" */;
			buildPhases = (
				1DE5E3932CD8724C00F79A95 /* Sources */,
				1DE5E3942CD8724C00F79A95 /* Frameworks */,
				1DE5E3952CD8724C00F79A95 /* Resources */,
			);
			buildRules = (
			);
			dependencies = (
			);
			fileSystemSynchronizedGroups = (
				1DE5E3992CD8724C00F79A95 /* TetheredSouls */,
			);
			name = TetheredSouls;
			packageProductDependencies = (
			);
			productName = TetheredSouls;
			productReference = 1DE5E3972CD8724C00F79A95 /* TetheredSouls.app */;
			productType = "com.apple.product-type.application";
		};
		1DE5E3AA2CD8724F00F79A95 /* TetheredSoulsTests */ = {
			isa = PBXNativeTarget;
			buildConfigurationList = 1DE5E3C32CD8724F00F79A95 /* Build configuration list for PBXNativeTarget "TetheredSoulsTests" */;
			buildPhases = (
				1DE5E3A72CD8724F00F79A95 /* Sources */,
				1DE5E3A82CD8724F00F79A95 /* Frameworks */,
				1DE5E3A92CD8724F00F79A95 /* Resources */,
			);
			buildRules = (
			);
			dependencies = (
				1DE5E3AD2CD8724F00F79A95 /* PBXTargetDependency */,
			);
			fileSystemSynchronizedGroups = (
				1DE5E3AE2CD8724F00F79A95 /* TetheredSoulsTests */,
			);
			name = TetheredSoulsTests;
			packageProductDependencies = (
			);
			productName = TetheredSoulsTests;
			productReference = 1DE5E3AB2CD8724F00F79A95 /* TetheredSoulsTests.xctest */;
			productType = "com.apple.product-type.bundle.unit-test";
		};
		1DE5E3B42CD8724F00F79A95 /* TetheredSoulsUITests */ = {
			isa = PBXNativeTarget;
			buildConfigurationList = 1DE5E3C62CD8724F00F79A95 /* Build configuration list for PBXNativeTarget "TetheredSoulsUITests" */;
			buildPhases = (
				1DE5E3B12CD8724F00F79A95 /* Sources */,
				1DE5E3B22CD8724F00F79A95 /* Frameworks */,
				1DE5E3B32CD8724F00F79A95 /* Resources */,
			);
			buildRules = (
			);
			dependencies = (
				1DE5E3B72CD8724F00F79A95 /* PBXTargetDependency */,
			);
			fileSystemSynchronizedGroups = (
				1DE5E3B82CD8724F00F79A95 /* TetheredSoulsUITests */,
			);
			name = TetheredSoulsUITests;
			packageProductDependencies = (
			);
			productName = TetheredSoulsUITests;
			productReference = 1DE5E3B52CD8724F00F79A95 /* TetheredSoulsUITests.xctest */;
			productType = "com.apple.product-type.bundle.ui-testing";
		};
/* End PBXNativeTarget section */

/* Begin PBXProject section */
		1DE5E38F2CD8724C00F79A95 /* Project object */ = {
			isa = PBXProject;
			attributes = {
				BuildIndependentTargetsInParallel = 1;
				LastSwiftUpdateCheck = 1600;
				LastUpgradeCheck = 1600;
				TargetAttributes = {
					1DE5E3962CD8724C00F79A95 = {
						CreatedOnToolsVersion = 16.0;
					};
					1DE5E3AA2CD8724F00F79A95 = {
						CreatedOnToolsVersion = 16.0;
						TestTargetID = 1DE5E3962CD8724C00F79A95;
					};
					1DE5E3B42CD8724F00F79A95 = {
						CreatedOnToolsVersion = 16.0;
						TestTargetID = 1DE5E3962CD8724C00F79A95;
					};
				};
			};
			buildConfigurationList = 1DE5E3922CD8724C00F79A95 /* Build configuration list for PBXProject "TetheredSouls" */;
			developmentRegion = en;
			hasScannedForEncodings = 0;
			knownRegions = (
				en,
				Base,
			);
			mainGroup = 1DE5E38E2CD8724C00F79A95;
			minimizedProjectReferenceProxies = 1;
			preferredProjectObjectVersion = 77;
			productRefGroup = 1DE5E3982CD8724C00F79A95 /* Products */;
			projectDirPath = "";
			projectRoot = "";
			targets = (
				1DE5E3962CD8724C00F79A95 /* TetheredSouls */,
				1DE5E3AA2CD8724F00F79A95 /* TetheredSoulsTests */,
				1DE5E3B42CD8724F00F79A95 /* TetheredSoulsUITests */,
			);
		};
/* End PBXProject section */

/* Begin PBXResourcesBuildPhase section */
		1DE5E3952CD8724C00F79A95 /* Resources */ = {
			isa = PBXResourcesBuildPhase;
			buildActionMask = 2147483647;
			files = (
			);
			runOnlyForDeploymentPostprocessing = 0;
		};
		1DE5E3A92CD8724F00F79A95 /* Resources */ = {
			isa = PBXResourcesBuildPhase;
			buildActionMask = 2147483647;
			files = (
			);
			runOnlyForDeploymentPostprocessing = 0;
		};
		1DE5E3B32CD8724F00F79A95 /* Resources */ = {
			isa = PBXResourcesBuildPhase;
			buildActionMask = 2147483647;
			files = (
			);
			runOnlyForDeploymentPostprocessing = 0;
		};
/* End PBXResourcesBuildPhase section */

/* Begin PBXSourcesBuildPhase section */
		1DE5E3932CD8724C00F79A95 /* Sources */ = {
			isa = PBXSourcesBuildPhase;
			buildActionMask = 2147483647;
			files = (
			);
			runOnlyForDeploymentPostprocessing = 0;
		};
		1DE5E3A72CD8724F00F79A95 /* Sources */ = {
			isa = PBXSourcesBuildPhase;
			buildActionMask = 2147483647;
			files = (
			);
			runOnlyForDeploymentPostprocessing = 0;
		};
		1DE5E3B12CD8724F00F79A95 /* Sources */ = {
			isa = PBXSourcesBuildPhase;
			buildActionMask = 2147483647;
			files = (
			);
			runOnlyForDeploymentPostprocessing = 0;
		};
/* End PBXSourcesBuildPhase section */

/* Begin PBXTargetDependency section */
		1DE5E3AD2CD8724F00F79A95 /* PBXTargetDependency */ = {
			isa = PBXTargetDependency;
			target = 1DE5E3962CD8724C00F79A95 /* TetheredSouls */;
			targetProxy = 1DE5E3AC2CD8724F00F79A95 /* PBXContainerItemProxy */;
		};
		1DE5E3B72CD8724F00F79A95 /* PBXTargetDependency */ = {
			isa = PBXTargetDependency;
			target = 1DE5E3962CD8724C00F79A95 /* TetheredSouls */;
			targetProxy = 1DE5E3B62CD8724F00F79A95 /* PBXContainerItemProxy */;
		};
/* End PBXTargetDependency section */

/* Begin XCBuildConfiguration section */
		1DE5E3BF2CD8724F00F79A95 /* Debug */ = {
			isa = XCBuildConfiguration;
			buildSettings = {
				ASSETCATALOG_COMPILER_APPICON_NAME = AppIcon;
				ASSETCATALOG_COMPILER_GLOBAL_ACCENT_COLOR_NAME = AccentColor;
				CODE_SIGN_ENTITLEMENTS = TetheredSouls/TetheredSouls.entitlements;
				CODE_SIGN_STYLE = Automatic;
				CURRENT_PROJECT_VERSION = 1;
				DEVELOPMENT_ASSET_PATHS = "\"TetheredSouls/Preview Content\"";
				DEVELOPMENT_TEAM = 5MANL2CLC8;
				ENABLE_PREVIEWS = YES;
				GENERATE_INFOPLIST_FILE = YES;
				INFOPLIST_FILE = TetheredSouls/Info.plist;
				INFOPLIST_KEY_UIApplicationSceneManifest_Generation = YES;
				INFOPLIST_KEY_UIApplicationSupportsIndirectInputEvents = YES;
				INFOPLIST_KEY_UILaunchScreen_Generation = YES;
				INFOPLIST_KEY_UISupportedInterfaceOrientations_iPad = "UIInterfaceOrientationPortrait UIInterfaceOrientationPortraitUpsideDown UIInterfaceOrientationLandscapeLeft UIInterfaceOrientationLandscapeRight";
				INFOPLIST_KEY_UISupportedInterfaceOrientations_iPhone = "UIInterfaceOrientationPortrait UIInterfaceOrientationLandscapeLeft UIInterfaceOrientationLandscapeRight";
				LD_RUNPATH_SEARCH_PATHS = (
					"$(inherited)",
					"@executable_path/Frameworks",
				);
				MARKETING_VERSION = 1.0;
				PRODUCT_BUNDLE_IDENTIFIER = JahanisKhanis.TetheredSouls;
				PRODUCT_NAME = "$(TARGET_NAME)";
				SWIFT_EMIT_LOC_STRINGS = YES;
				SWIFT_VERSION = 5.0;
				TARGETED_DEVICE_FAMILY = "1,2";
			};
			name = Debug;
		};
		1DE5E3C02CD8724F00F79A95 /* Release */ = {
			isa = XCBuildConfiguration;
			buildSettings = {
				ASSETCATALOG_COMPILER_APPICON_NAME = AppIcon;
				ASSETCATALOG_COMPILER_GLOBAL_ACCENT_COLOR_NAME = AccentColor;
				CODE_SIGN_ENTITLEMENTS = TetheredSouls/TetheredSouls.entitlements;
				CODE_SIGN_STYLE = Automatic;
				CURRENT_PROJECT_VERSION = 1;
				DEVELOPMENT_ASSET_PATHS = "\"TetheredSouls/Preview Content\"";
				DEVELOPMENT_TEAM = 5MANL2CLC8;
				ENABLE_PREVIEWS = YES;
				GENERATE_INFOPLIST_FILE = YES;
				INFOPLIST_FILE = TetheredSouls/Info.plist;
				INFOPLIST_KEY_UIApplicationSceneManifest_Generation = YES;
				INFOPLIST_KEY_UIApplicationSupportsIndirectInputEvents = YES;
				INFOPLIST_KEY_UILaunchScreen_Generation = YES;
				INFOPLIST_KEY_UISupportedInterfaceOrientations_iPad = "UIInterfaceOrientationPortrait UIInterfaceOrientationPortraitUpsideDown UIInterfaceOrientationLandscapeLeft UIInterfaceOrientationLandscapeRight";
				INFOPLIST_KEY_UISupportedInterfaceOrientations_iPhone = "UIInterfaceOrientationPortrait UIInterfaceOrientationLandscapeLeft UIInterfaceOrientationLandscapeRight";
				LD_RUNPATH_SEARCH_PATHS = (
					"$(inherited)",
					"@executable_path/Frameworks",
				);
				MARKETING_VERSION = 1.0;
				PRODUCT_BUNDLE_IDENTIFIER = JahanisKhanis.TetheredSouls;
				PRODUCT_NAME = "$(TARGET_NAME)";
				SWIFT_EMIT_LOC_STRINGS = YES;
				SWIFT_VERSION = 5.0;
				TARGETED_DEVICE_FAMILY = "1,2";
			};
			name = Release;
		};
		1DE5E3C12CD8724F00F79A95 /* Debug */ = {
			isa = XCBuildConfiguration;
			buildSettings = {
				ALWAYS_SEARCH_USER_PATHS = NO;
				ASSETCATALOG_COMPILER_GENERATE_SWIFT_ASSET_SYMBOL_EXTENSIONS = YES;
				CLANG_ANALYZER_NONNULL = YES;
				CLANG_ANALYZER_NUMBER_OBJECT_CONVERSION = YES_AGGRESSIVE;
				CLANG_CXX_LANGUAGE_STANDARD = "gnu++20";
				CLANG_ENABLE_MODULES = YES;
				CLANG_ENABLE_OBJC_ARC = YES;
				CLANG_ENABLE_OBJC_WEAK = YES;
				CLANG_WARN_BLOCK_CAPTURE_AUTORELEASING = YES;
				CLANG_WARN_BOOL_CONVERSION = YES;
				CLANG_WARN_COMMA = YES;
				CLANG_WARN_CONSTANT_CONVERSION = YES;
				CLANG_WARN_DEPRECATED_OBJC_IMPLEMENTATIONS = YES;
				CLANG_WARN_DIRECT_OBJC_ISA_USAGE = YES_ERROR;
				CLANG_WARN_DOCUMENTATION_COMMENTS = YES;
				CLANG_WARN_EMPTY_BODY = YES;
				CLANG_WARN_ENUM_CONVERSION = YES;
				CLANG_WARN_INFINITE_RECURSION = YES;
				CLANG_WARN_INT_CONVERSION = YES;
				CLANG_WARN_NON_LITERAL_NULL_CONVERSION = YES;
				CLANG_WARN_OBJC_IMPLICIT_RETAIN_SELF = YES;
				CLANG_WARN_OBJC_LITERAL_CONVERSION = YES;
				CLANG_WARN_OBJC_ROOT_CLASS = YES_ERROR;
				CLANG_WARN_QUOTED_INCLUDE_IN_FRAMEWORK_HEADER = YES;
				CLANG_WARN_RANGE_LOOP_ANALYSIS = YES;
				CLANG_WARN_STRICT_PROTOTYPES = YES;
				CLANG_WARN_SUSPICIOUS_MOVE = YES;
				CLANG_WARN_UNGUARDED_AVAILABILITY = YES_AGGRESSIVE;
				CLANG_WARN_UNREACHABLE_CODE = YES;
				CLANG_WARN__DUPLICATE_METHOD_MATCH = YES;
				COPY_PHASE_STRIP = NO;
				DEBUG_INFORMATION_FORMAT = dwarf;
				ENABLE_STRICT_OBJC_MSGSEND = YES;
				ENABLE_TESTABILITY = YES;
				ENABLE_USER_SCRIPT_SANDBOXING = YES;
				GCC_C_LANGUAGE_STANDARD = gnu17;
				GCC_DYNAMIC_NO_PIC = NO;
				GCC_NO_COMMON_BLOCKS = YES;
				GCC_OPTIMIZATION_LEVEL = 0;
				GCC_PREPROCESSOR_DEFINITIONS = (
					"DEBUG=1",
					"$(inherited)",
				);
				GCC_WARN_64_TO_32_BIT_CONVERSION = YES;
				GCC_WARN_ABOUT_RETURN_TYPE = YES_ERROR;
				GCC_WARN_UNDECLARED_SELECTOR = YES;
				GCC_WARN_UNINITIALIZED_AUTOS = YES_AGGRESSIVE;
				GCC_WARN_UNUSED_FUNCTION = YES;
				GCC_WARN_UNUSED_VARIABLE = YES;
				IPHONEOS_DEPLOYMENT_TARGET = 18.0;
				LOCALIZATION_PREFERS_STRING_CATALOGS = YES;
				MTL_ENABLE_DEBUG_INFO = INCLUDE_SOURCE;
				MTL_FAST_MATH = YES;
				ONLY_ACTIVE_ARCH = YES;
				SDKROOT = iphoneos;
				SWIFT_ACTIVE_COMPILATION_CONDITIONS = "DEBUG $(inherited)";
				SWIFT_OPTIMIZATION_LEVEL = "-Onone";
			};
			name = Debug;
		};
		1DE5E3C22CD8724F00F79A95 /* Release */ = {
			isa = XCBuildConfiguration;
			buildSettings = {
				ALWAYS_SEARCH_USER_PATHS = NO;
				ASSETCATALOG_COMPILER_GENERATE_SWIFT_ASSET_SYMBOL_EXTENSIONS = YES;
				CLANG_ANALYZER_NONNULL = YES;
				CLANG_ANALYZER_NUMBER_OBJECT_CONVERSION = YES_AGGRESSIVE;
				CLANG_CXX_LANGUAGE_STANDARD = "gnu++20";
				CLANG_ENABLE_MODULES = YES;
				CLANG_ENABLE_OBJC_ARC = YES;
				CLANG_ENABLE_OBJC_WEAK = YES;
				CLANG_WARN_BLOCK_CAPTURE_AUTORELEASING = YES;
				CLANG_WARN_BOOL_CONVERSION = YES;
				CLANG_WARN_COMMA = YES;
				CLANG_WARN_CONSTANT_CONVERSION = YES;
				CLANG_WARN_DEPRECATED_OBJC_IMPLEMENTATIONS = YES;
				CLANG_WARN_DIRECT_OBJC_ISA_USAGE = YES_ERROR;
				CLANG_WARN_DOCUMENTATION_COMMENTS = YES;
				CLANG_WARN_EMPTY_BODY = YES;
				CLANG_WARN_ENUM_CONVERSION = YES;
				CLANG_WARN_INFINITE_RECURSION = YES;
				CLANG_WARN_INT_CONVERSION = YES;
				CLANG_WARN_NON_LITERAL_NULL_CONVERSION = YES;
				CLANG_WARN_OBJC_IMPLICIT_RETAIN_SELF = YES;
				CLANG_WARN_OBJC_LITERAL_CONVERSION = YES;
				CLANG_WARN_OBJC_ROOT_CLASS = YES_ERROR;
				CLANG_WARN_QUOTED_INCLUDE_IN_FRAMEWORK_HEADER = YES;
				CLANG_WARN_RANGE_LOOP_ANALYSIS = YES;
				CLANG_WARN_STRICT_PROTOTYPES = YES;
				CLANG_WARN_SUSPICIOUS_MOVE = YES;
				CLANG_WARN_UNGUARDED_AVAILABILITY = YES_AGGRESSIVE;
				CLANG_WARN_UNREACHABLE_CODE = YES;
				CLANG_WARN__DUPLICATE_METHOD_MATCH = YES;
				COPY_PHASE_STRIP = NO;
				DEBUG_INFORMATION_FORMAT = "dwarf-with-dsym";
				ENABLE_NS_ASSERTIONS = NO;
				ENABLE_STRICT_OBJC_MSGSEND = YES;
				ENABLE_USER_SCRIPT_SANDBOXING = YES;
				GCC_C_LANGUAGE_STANDARD = gnu17;
				GCC_NO_COMMON_BLOCKS = YES;
				GCC_WARN_64_TO_32_BIT_CONVERSION = YES;
				GCC_WARN_ABOUT_RETURN_TYPE = YES_ERROR;
				GCC_WARN_UNDECLARED_SELECTOR = YES;
				GCC_WARN_UNINITIALIZED_AUTOS = YES_AGGRESSIVE;
				GCC_WARN_UNUSED_FUNCTION = YES;
				GCC_WARN_UNUSED_VARIABLE = YES;
				IPHONEOS_DEPLOYMENT_TARGET = 18.0;
				LOCALIZATION_PREFERS_STRING_CATALOGS = YES;
				MTL_ENABLE_DEBUG_INFO = NO;
				MTL_FAST_MATH = YES;
				SDKROOT = iphoneos;
				SWIFT_COMPILATION_MODE = wholemodule;
				VALIDATE_PRODUCT = YES;
			};
			name = Release;
		};
		1DE5E3C42CD8724F00F79A95 /* Debug */ = {
			isa = XCBuildConfiguration;
			buildSettings = {
				BUNDLE_LOADER = "$(TEST_HOST)";
				CODE_SIGN_STYLE = Automatic;
				CURRENT_PROJECT_VERSION = 1;
				DEVELOPMENT_TEAM = 5MANL2CLC8;
				GENERATE_INFOPLIST_FILE = YES;
				IPHONEOS_DEPLOYMENT_TARGET = 18.0;
				MARKETING_VERSION = 1.0;
				PRODUCT_BUNDLE_IDENTIFIER = JahanisKhanis.TetheredSoulsTests;
				PRODUCT_NAME = "$(TARGET_NAME)";
				SWIFT_EMIT_LOC_STRINGS = NO;
				SWIFT_VERSION = 5.0;
				TARGETED_DEVICE_FAMILY = "1,2";
				TEST_HOST = "$(BUILT_PRODUCTS_DIR)/TetheredSouls.app/$(BUNDLE_EXECUTABLE_FOLDER_PATH)/TetheredSouls";
			};
			name = Debug;
		};
		1DE5E3C52CD8724F00F79A95 /* Release */ = {
			isa = XCBuildConfiguration;
			buildSettings = {
				BUNDLE_LOADER = "$(TEST_HOST)";
				CODE_SIGN_STYLE = Automatic;
				CURRENT_PROJECT_VERSION = 1;
				DEVELOPMENT_TEAM = 5MANL2CLC8;
				GENERATE_INFOPLIST_FILE = YES;
				IPHONEOS_DEPLOYMENT_TARGET = 18.0;
				MARKETING_VERSION = 1.0;
				PRODUCT_BUNDLE_IDENTIFIER = JahanisKhanis.TetheredSoulsTests;
				PRODUCT_NAME = "$(TARGET_NAME)";
				SWIFT_EMIT_LOC_STRINGS = NO;
				SWIFT_VERSION = 5.0;
				TARGETED_DEVICE_FAMILY = "1,2";
				TEST_HOST = "$(BUILT_PRODUCTS_DIR)/TetheredSouls.app/$(BUNDLE_EXECUTABLE_FOLDER_PATH)/TetheredSouls";
			};
			name = Release;
		};
		1DE5E3C72CD8724F00F79A95 /* Debug */ = {
			isa = XCBuildConfiguration;
			buildSettings = {
				CODE_SIGN_STYLE = Automatic;
				CURRENT_PROJECT_VERSION = 1;
				DEVELOPMENT_TEAM = 5MANL2CLC8;
				GENERATE_INFOPLIST_FILE = YES;
				MARKETING_VERSION = 1.0;
				PRODUCT_BUNDLE_IDENTIFIER = JahanisKhanis.TetheredSoulsUITests;
				PRODUCT_NAME = "$(TARGET_NAME)";
				SWIFT_EMIT_LOC_STRINGS = NO;
				SWIFT_VERSION = 5.0;
				TARGETED_DEVICE_FAMILY = "1,2";
				TEST_TARGET_NAME = TetheredSouls;
			};
			name = Debug;
		};
		1DE5E3C82CD8724F00F79A95 /* Release */ = {
			isa = XCBuildConfiguration;
			buildSettings = {
				CODE_SIGN_STYLE = Automatic;
				CURRENT_PROJECT_VERSION = 1;
				DEVELOPMENT_TEAM = 5MANL2CLC8;
				GENERATE_INFOPLIST_FILE = YES;
				MARKETING_VERSION = 1.0;
				PRODUCT_BUNDLE_IDENTIFIER = JahanisKhanis.TetheredSoulsUITests;
				PRODUCT_NAME = "$(TARGET_NAME)";
				SWIFT_EMIT_LOC_STRINGS = NO;
				SWIFT_VERSION = 5.0;
				TARGETED_DEVICE_FAMILY = "1,2";
				TEST_TARGET_NAME = TetheredSouls;
			};
			name = Release;
		};
/* End XCBuildConfiguration section */

/* Begin XCConfigurationList section */
		1DE5E3922CD8724C00F79A95 /* Build configuration list for PBXProject "TetheredSouls" */ = {
			isa = XCConfigurationList;
			buildConfigurations = (
				1DE5E3C12CD8724F00F79A95 /* Debug */,
				1DE5E3C22CD8724F00F79A95 /* Release */,
			);
			defaultConfigurationIsVisible = 0;
			defaultConfigurationName = Release;
		};
		1DE5E3BE2CD8724F00F79A95 /* Build configuration list for PBXNativeTarget "TetheredSouls" */ = {
			isa = XCConfigurationList;
			buildConfigurations = (
				1DE5E3BF2CD8724F00F79A95 /* Debug */,
				1DE5E3C02CD8724F00F79A95 /* Release */,
			);
			defaultConfigurationIsVisible = 0;
			defaultConfigurationName = Release;
		};
		1DE5E3C32CD8724F00F79A95 /* Build configuration list for PBXNativeTarget "TetheredSoulsTests" */ = {
			isa = XCConfigurationList;
			buildConfigurations = (
				1DE5E3C42CD8724F00F79A95 /* Debug */,
				1DE5E3C52CD8724F00F79A95 /* Release */,
			);
			defaultConfigurationIsVisible = 0;
			defaultConfigurationName = Release;
		};
		1DE5E3C62CD8724F00F79A95 /* Build configuration list for PBXNativeTarget "TetheredSoulsUITests" */ = {
			isa = XCConfigurationList;
			buildConfigurations = (
				1DE5E3C72CD8724F00F79A95 /* Debug */,
				1DE5E3C82CD8724F00F79A95 /* Release */,
			);
			defaultConfigurationIsVisible = 0;
			defaultConfigurationName = Release;
		};
/* End XCConfigurationList section */
	};
	rootObject = 1DE5E38F2CD8724C00F79A95 /* Project object */;
}
